
Microsoft Visual Studio Solution File, Format Version 12.00
# Visual Studio Version 17
VisualStudioVersion = 17.12.35707.178 d17.12
MinimumVisualStudioVersion = 10.0.40219.1
Project("{FAE04EC0-301F-11D3-BF4B-00C04F79EFBC}") = "Zadanie 1", "Zadanie 1\Zadanie 1.csproj", "{774BD9BE-EBA9-4F41-8574-EB0BCBCF70AA}"
EndProject
Project("{FAE04EC0-301F-11D3-BF4B-00C04F79EFBC}") = "Zadanie 2", "Zadanie 2\Zadanie 2.csproj", "{7DD16934-C88A-4ED3-B4A0-387478446A63}"
EndProject
Project("{FAE04EC0-301F-11D3-BF4B-00C04F79EFBC}") = "Zadanie 3", "Zadanie 3\Zadanie 3.csproj", "{B168C047-B8E3-4CC2-AF34-EFFC2FEA8691}"
EndProject
Project("{FAE04EC0-301F-11D3-BF4B-00C04F79EFBC}") = "Zadanie 4", "Zadanie 4\Zadanie 4.csproj", "{8FA3FE22-2923-4E57-85F1-D0523C5DB444}"
EndProject
Global
	GlobalSection(SolutionConfigurationPlatforms) = preSolution
		Debug|Any CPU = Debug|Any CPU
		Release|Any CPU = Release|Any CPU
	EndGlobalSection
	GlobalSection(ProjectConfigurationPlatforms) = postSolution
		{774BD9BE-EBA9-4F41-8574-EB0BCBCF70AA}.Debug|Any CPU.ActiveCfg = Debug|Any CPU
		{774BD9BE-EBA9-4F41-8574-EB0BCBCF70AA}.Debug|Any CPU.Build.0 = Debug|Any CPU
		{774BD9BE-EBA9-4F41-8574-EB0BCBCF70AA}.Release|Any CPU.ActiveCfg = Release|Any CPU
		{774BD9BE-EBA9-4F41-8574-EB0BCBCF70AA}.Release|Any CPU.Build.0 = Release|Any CPU
		{7DD16934-C88A-4ED3-B4A0-387478446A63}.Debug|Any CPU.ActiveCfg = Debug|Any CPU
		{7DD16934-C88A-4ED3-B4A0-387478446A63}.Debug|Any CPU.Build.0 = Debug|Any CPU
		{7DD16934-C88A-4ED3-B4A0-387478446A63}.Release|Any CPU.ActiveCfg = Release|Any CPU
		{7DD16934-C88A-4ED3-B4A0-387478446A63}.Release|Any CPU.Build.0 = Release|Any CPU
		{B168C047-B8E3-4CC2-AF34-EFFC2FEA8691}.Debug|Any CPU.ActiveCfg = Debug|Any CPU
		{B168C047-B8E3-4CC2-AF34-EFFC2FEA8691}.Debug|Any CPU.Build.0 = Debug|Any CPU
		{B168C047-B8E3-4CC2-AF34-EFFC2FEA8691}.Release|Any CPU.ActiveCfg = Release|Any CPU
		{B168C047-B8E3-4CC2-AF34-EFFC2FEA8691}.Release|Any CPU.Build.0 = Release|Any CPU
		{8FA3FE22-2923-4E57-85F1-D0523C5DB444}.Debug|Any CPU.ActiveCfg = Debug|Any CPU
		{8FA3FE22-2923-4E57-85F1-D0523C5DB444}.Debug|Any CPU.Build.0 = Debug|Any CPU
		{8FA3FE22-2923-4E57-85F1-D0523C5DB444}.Release|Any CPU.ActiveCfg = Release|Any CPU
		{8FA3FE22-2923-4E57-85F1-D0523C5DB444}.Release|Any CPU.Build.0 = Release|Any CPU
	EndGlobalSection
	GlobalSection(SolutionProperties) = preSolution
		HideSolutionNode = FALSE
	EndGlobalSection
EndGlobal
